// !$*UTF8*$!
{
	archiveVersion = 1;
	classes = {
	};
	objectVersion = 46;
	objects = {

/* Begin PBXBuildFile section */
		7331452A1F5423FC00C00266 /* main.m in Sources */ = {isa = PBXBuildFile; fileRef = 733145291F5423FC00C00266 /* main.m */; };
		7331452D1F5423FC00C00266 /* AppDelegate.m in Sources */ = {isa = PBXBuildFile; fileRef = 7331452C1F5423FC00C00266 /* AppDelegate.m */; };
		733145301F5423FC00C00266 /* ViewController.m in Sources */ = {isa = PBXBuildFile; fileRef = 7331452F1F5423FC00C00266 /* ViewController.m */; };
		733145331F5423FC00C00266 /* Main.storyboard in Resources */ = {isa = PBXBuildFile; fileRef = 733145311F5423FC00C00266 /* Main.storyboard */; };
		733145351F5423FC00C00266 /* Assets.xcassets in Resources */ = {isa = PBXBuildFile; fileRef = 733145341F5423FC00C00266 /* Assets.xcassets */; };
		733145381F5423FC00C00266 /* LaunchScreen.storyboard in Resources */ = {isa = PBXBuildFile; fileRef = 733145361F5423FC00C00266 /* LaunchScreen.storyboard */; };
		C6A6F631F9EF0564BBBB1742 /* Pods_CocoaAsyncSocketServerDemo.framework in Frameworks */ = {isa = PBXBuildFile; fileRef = 6AB1CF6F45AA25AD0C353EA4 /* Pods_CocoaAsyncSocketServerDemo.framework */; };
/* End PBXBuildFile section */

/* Begin PBXFileReference section */
		6AB1CF6F45AA25AD0C353EA4 /* Pods_CocoaAsyncSocketServerDemo.framework */ = {isa = PBXFileReference; explicitFileType = wrapper.framework; includeInIndex = 0; path = Pods_CocoaAsyncSocketServerDemo.framework; sourceTree = BUILT_PRODUCTS_DIR; };
		733145251F5423FC00C00266 /* CocoaAsyncSocketServerDemo.app */ = {isa = PBXFileReference; explicitFileType = wrapper.application; includeInIndex = 0; path = CocoaAsyncSocketServerDemo.app; sourceTree = BUILT_PRODUCTS_DIR; };
		733145291F5423FC00C00266 /* main.m */ = {isa = PBXFileReference; lastKnownFileType = sourcecode.c.objc; path = main.m; sourceTree = "<group>"; };
		7331452B1F5423FC00C00266 /* AppDelegate.h */ = {isa = PBXFileReference; lastKnownFileType = sourcecode.c.h; path = AppDelegate.h; sourceTree = "<group>"; };
		7331452C1F5423FC00C00266 /* AppDelegate.m */ = {isa = PBXFileReference; lastKnownFileType = sourcecode.c.objc; path = AppDelegate.m; sourceTree = "<group>"; };
		7331452E1F5423FC00C00266 /* ViewController.h */ = {isa = PBXFileReference; lastKnownFileType = sourcecode.c.h; path = ViewController.h; sourceTree = "<group>"; };
		7331452F1F5423FC00C00266 /* ViewController.m */ = {isa = PBXFileReference; lastKnownFileType = sourcecode.c.objc; path = ViewController.m; sourceTree = "<group>"; };
		733145321F5423FC00C00266 /* Base */ = {isa = PBXFileReference; lastKnownFileType = file.storyboard; name = Base; path = Base.lproj/Main.storyboard; sourceTree = "<group>"; };
		733145341F5423FC00C00266 /* Assets.xcassets */ = {isa = PBXFileReference; lastKnownFileType = folder.assetcatalog; path = Assets.xcassets; sourceTree = "<group>"; };
		733145371F5423FC00C00266 /* Base */ = {isa = PBXFileReference; lastKnownFileType = file.storyboard; name = Base; path = Base.lproj/LaunchScreen.storyboard; sourceTree = "<group>"; };
		733145391F5423FC00C00266 /* Info.plist */ = {isa = PBXFileReference; lastKnownFileType = text.plist.xml; path = Info.plist; sourceTree = "<group>"; };
		9FBD06A961C1429733672A44 /* Pods-CocoaAsyncSocketServerDemo.debug.xcconfig */ = {isa = PBXFileReference; includeInIndex = 1; lastKnownFileType = text.xcconfig; name = "Pods-CocoaAsyncSocketServerDemo.debug.xcconfig"; path = "Pods/Target Support Files/Pods-CocoaAsyncSocketServerDemo/Pods-CocoaAsyncSocketServerDemo.debug.xcconfig"; sourceTree = "<group>"; };
		A498ABB8F82D0C7135CE5E92 /* Pods-CocoaAsyncSocketServerDemo.release.xcconfig */ = {isa = PBXFileReference; includeInIndex = 1; lastKnownFileType = text.xcconfig; name = "Pods-CocoaAsyncSocketServerDemo.release.xcconfig"; path = "Pods/Target Support Files/Pods-CocoaAsyncSocketServerDemo/Pods-CocoaAsyncSocketServerDemo.release.xcconfig"; sourceTree = "<group>"; };
/* End PBXFileReference section */

/* Begin PBXFrameworksBuildPhase section */
		733145221F5423FC00C00266 /* Frameworks */ = {
			isa = PBXFrameworksBuildPhase;
			buildActionMask = 2147483647;
			files = (
				C6A6F631F9EF0564BBBB1742 /* Pods_CocoaAsyncSocketServerDemo.framework in Frameworks */,
			);
			runOnlyForDeploymentPostprocessing = 0;
		};
/* End PBXFrameworksBuildPhase section */

/* Begin PBXGroup section */
		1BF69BA61022E1846A9729F4 /* Frameworks */ = {
			isa = PBXGroup;
			children = (
				6AB1CF6F45AA25AD0C353EA4 /* Pods_CocoaAsyncSocketServerDemo.framework */,
			);
			name = Frameworks;
			sourceTree = "<group>";
		};
		6F8404DEA364B1ABFFC758AB /* Pods */ = {
			isa = PBXGroup;
			children = (
				9FBD06A961C1429733672A44 /* Pods-CocoaAsyncSocketServerDemo.debug.xcconfig */,
				A498ABB8F82D0C7135CE5E92 /* Pods-CocoaAsyncSocketServerDemo.release.xcconfig */,
			);
			name = Pods;
			sourceTree = "<group>";
		};
		7331451C1F5423FC00C00266 = {
			isa = PBXGroup;
			children = (
				733145271F5423FC00C00266 /* CocoaAsyncSocketServerDemo */,
				733145261F5423FC00C00266 /* Products */,
				6F8404DEA364B1ABFFC758AB /* Pods */,
				1BF69BA61022E1846A9729F4 /* Frameworks */,
			);
			sourceTree = "<group>";
		};
		733145261F5423FC00C00266 /* Products */ = {
			isa = PBXGroup;
			children = (
				733145251F5423FC00C00266 /* CocoaAsyncSocketServerDemo.app */,
			);
			name = Products;
			sourceTree = "<group>";
		};
		733145271F5423FC00C00266 /* CocoaAsyncSocketServerDemo */ = {
			isa = PBXGroup;
			children = (
				7331452B1F5423FC00C00266 /* AppDelegate.h */,
				7331452C1F5423FC00C00266 /* AppDelegate.m */,
				7331452E1F5423FC00C00266 /* ViewController.h */,
				7331452F1F5423FC00C00266 /* ViewController.m */,
				733145311F5423FC00C00266 /* Main.storyboard */,
				733145341F5423FC00C00266 /* Assets.xcassets */,
				733145361F5423FC00C00266 /* LaunchScreen.storyboard */,
				733145391F5423FC00C00266 /* Info.plist */,
				733145281F5423FC00C00266 /* Supporting Files */,
			);
			path = CocoaAsyncSocketServerDemo;
			sourceTree = "<group>";
		};
		733145281F5423FC00C00266 /* Supporting Files */ = {
			isa = PBXGroup;
			children = (
				733145291F5423FC00C00266 /* main.m */,
			);
			name = "Supporting Files";
			sourceTree = "<group>";
		};
/* End PBXGroup section */

/* Begin PBXNativeTarget section */
		733145241F5423FC00C00266 /* CocoaAsyncSocketServerDemo */ = {
			isa = PBXNativeTarget;
			buildConfigurationList = 7331453C1F5423FC00C00266 /* Build configuration list for PBXNativeTarget "CocoaAsyncSocketServerDemo" */;
			buildPhases = (
				E0D56AC908899DAC3359FFBD /* [CP] Check Pods Manifest.lock */,
				733145211F5423FC00C00266 /* Sources */,
				733145221F5423FC00C00266 /* Frameworks */,
				733145231F5423FC00C00266 /* Resources */,
				10464F3FB39AB899EED1D3FD /* [CP] Embed Pods Frameworks */,
				2CCD04BBA09920AC6C5E2559 /* [CP] Copy Pods Resources */,
			);
			buildRules = (
			);
			dependencies = (
			);
			name = CocoaAsyncSocketServerDemo;
			productName = CocoaAsyncSocketServerDemo;
			productReference = 733145251F5423FC00C00266 /* CocoaAsyncSocketServerDemo.app */;
			productType = "com.apple.product-type.application";
		};
/* End PBXNativeTarget section */

/* Begin PBXProject section */
		7331451D1F5423FC00C00266 /* Project object */ = {
			isa = PBXProject;
			attributes = {
				LastUpgradeCheck = 0830;
				ORGANIZATIONNAME = zsk;
				TargetAttributes = {
					733145241F5423FC00C00266 = {
						CreatedOnToolsVersion = 8.3.1;
						DevelopmentTeam = 2Q3Z88798Z;
						ProvisioningStyle = Automatic;
					};
				};
			};
			buildConfigurationList = 733145201F5423FC00C00266 /* Build configuration list for PBXProject "CocoaAsyncSocketServerDemo" */;
			compatibilityVersion = "Xcode 3.2";
			developmentRegion = English;
			hasScannedForEncodings = 0;
			knownRegions = (
				en,
				Base,
			);
			mainGroup = 7331451C1F5423FC00C00266;
			productRefGroup = 733145261F5423FC00C00266 /* Products */;
			projectDirPath = "";
			projectRoot = "";
			targets = (
				733145241F5423FC00C00266 /* CocoaAsyncSocketServerDemo */,
			);
		};
/* End PBXProject section */

/* Begin PBXResourcesBuildPhase section */
		733145231F5423FC00C00266 /* Resources */ = {
			isa = PBXResourcesBuildPhase;
			buildActionMask = 2147483647;
			files = (
				733145381F5423FC00C00266 /* LaunchScreen.storyboard in Resources */,
				733145351F5423FC00C00266 /* Assets.xcassets in Resources */,
				733145331F5423FC00C00266 /* Main.storyboard in Resources */,
			);
			runOnlyForDeploymentPostprocessing = 0;
		};
/* End PBXResourcesBuildPhase section */

/* Begin PBXShellScriptBuildPhase section */
		10464F3FB39AB899EED1D3FD /* [CP] Embed Pods Frameworks */ = {
			isa = PBXShellScriptBuildPhase;
			buildActionMask = 2147483647;
			files = (
			);
			inputPaths = (
			);
			name = "[CP] Embed Pods Frameworks";
			outputPaths = (
			);
			runOnlyForDeploymentPostprocessing = 0;
			shellPath = /bin/sh;
			shellScript = "\"${SRCROOT}/Pods/Target Support Files/Pods-CocoaAsyncSocketServerDemo/Pods-CocoaAsyncSocketServerDemo-frameworks.sh\"\n";
			showEnvVarsInLog = 0;
		};
		2CCD04BBA09920AC6C5E2559 /* [CP] Copy Pods Resources */ = {
			isa = PBXShellScriptBuildPhase;
			buildActionMask = 2147483647;
			files = (
			);
			inputPaths = (
			);
			name = "[CP] Copy Pods Resources";
			outputPaths = (
			);
			runOnlyForDeploymentPostprocessing = 0;
			shellPath = /bin/sh;
			shellScript = "\"${SRCROOT}/Pods/Target Support Files/Pods-CocoaAsyncSocketServerDemo/Pods-CocoaAsyncSocketServerDemo-resources.sh\"\n";
			showEnvVarsInLog = 0;
		};
		E0D56AC908899DAC3359FFBD /* [CP] Check Pods Manifest.lock */ = {
			isa = PBXShellScriptBuildPhase;
			buildActionMask = 2147483647;
			files = (
			);
			inputPaths = (
			);
			name = "[CP] Check Pods Manifest.lock";
			outputPaths = (
			);
			runOnlyForDeploymentPostprocessing = 0;
			shellPath = /bin/sh;
			shellScript = "diff \"${PODS_ROOT}/../Podfile.lock\" \"${PODS_ROOT}/Manifest.lock\" > /dev/null\nif [ $? != 0 ] ; then\n    # print error to STDERR\n    echo \"error: The sandbox is not in sync with the Podfile.lock. Run 'pod install' or update your CocoaPods installation.\" >&2\n    exit 1\nfi\n";
			showEnvVarsInLog = 0;
		};
/* End PBXShellScriptBuildPhase section */

/* Begin PBXSourcesBuildPhase section */
		733145211F5423FC00C00266 /* Sources */ = {
			isa = PBXSourcesBuildPhase;
			buildActionMask = 2147483647;
			files = (
				733145301F5423FC00C00266 /* ViewController.m in Sources */,
				7331452D1F5423FC00C00266 /* AppDelegate.m in Sources */,
				7331452A1F5423FC00C00266 /* main.m in Sources */,
			);
			runOnlyForDeploymentPostprocessing = 0;
		};
/* End PBXSourcesBuildPhase section */

/* Begin PBXVariantGroup section */
		733145311F5423FC00C00266 /* Main.storyboard */ = {
			isa = PBXVariantGroup;
			children = (
				733145321F5423FC00C00266 /* Base */,
			);
			name = Main.storyboard;
			sourceTree = "<group>";
		};
		733145361F5423FC00C00266 /* LaunchScreen.storyboard */ = {
			isa = PBXVariantGroup;
			children = (
				733145371F5423FC00C00266 /* Base */,
			);
			name = LaunchScreen.storyboard;
			sourceTree = "<group>";
		};
/* End PBXVariantGroup section */

/* Begin XCBuildConfiguration section */
		7331453A1F5423FC00C00266 /* Debug */ = {
			isa = XCBuildConfiguration;
			buildSettings = {
				ALWAYS_SEARCH_USER_PATHS = NO;
				CLANG_ANALYZER_NONNULL = YES;
				CLANG_ANALYZER_NUMBER_OBJECT_CONVERSION = YES_AGGRESSIVE;
				CLANG_CXX_LANGUAGE_STANDARD = "gnu++0x";
				CLANG_CXX_LIBRARY = "libc++";
				CLANG_ENABLE_MODULES = YES;
				CLANG_ENABLE_OBJC_ARC = YES;
				CLANG_WARN_BOOL_CONVERSION = YES;
				CLANG_WARN_CONSTANT_CONVERSION = YES;
				CLANG_WARN_DIRECT_OBJC_ISA_USAGE = YES_ERROR;
				CLANG_WARN_DOCUMENTATION_COMMENTS = YES;
				CLANG_WARN_EMPTY_BODY = YES;
				CLANG_WARN_ENUM_CONVERSION = YES;
				CLANG_WARN_INFINITE_RECURSION = YES;
				CLANG_WARN_INT_CONVERSION = YES;
				CLANG_WARN_OBJC_ROOT_CLASS = YES_ERROR;
				CLANG_WARN_SUSPICIOUS_MOVE = YES;
				CLANG_WARN_UNREACHABLE_CODE = YES;
				CLANG_WARN__DUPLICATE_METHOD_MATCH = YES;
				"CODE_SIGN_IDENTITY[sdk=iphoneos*]" = "iPhone Developer";
				COPY_PHASE_STRIP = NO;
				DEBUG_INFORMATION_FORMAT = dwarf;
				ENABLE_STRICT_OBJC_MSGSEND = YES;
				ENABLE_TESTABILITY = YES;
				GCC_C_LANGUAGE_STANDARD = gnu99;
				GCC_DYNAMIC_NO_PIC = NO;
				GCC_NO_COMMON_BLOCKS = YES;
				GCC_OPTIMIZATION_LEVEL = 0;
				GCC_PREPROCESSOR_DEFINITIONS = (
					"DEBUG=1",
					"$(inherited)",
				);
				GCC_WARN_64_TO_32_BIT_CONVERSION = YES;
				GCC_WARN_ABOUT_RETURN_TYPE = YES_ERROR;
				GCC_WARN_UNDECLARED_SELECTOR = YES;
				GCC_WARN_UNINITIALIZED_AUTOS = YES_AGGRESSIVE;
				GCC_WARN_UNUSED_FUNCTION = YES;
				GCC_WARN_UNUSED_VARIABLE = YES;
				IPHONEOS_DEPLOYMENT_TARGET = 10.3;
				MTL_ENABLE_DEBUG_INFO = YES;
				ONLY_ACTIVE_ARCH = YES;
				SDKROOT = iphoneos;
			};
			name = Debug;
		};
		7331453B1F5423FC00C00266 /* Release */ = {
			isa = XCBuildConfiguration;
			buildSettings = {
				ALWAYS_SEARCH_USER_PATHS = NO;
				CLANG_ANALYZER_NONNULL = YES;
				CLANG_ANALYZER_NUMBER_OBJECT_CONVERSION = YES_AGGRESSIVE;
				CLANG_CXX_LANGUAGE_STANDARD = "gnu++0x";
				CLANG_CXX_LIBRARY = "libc++";
				CLANG_ENABLE_MODULES = YES;
				CLANG_ENABLE_OBJC_ARC = YES;
				CLANG_WARN_BOOL_CONVERSION = YES;
				CLANG_WARN_CONSTANT_CONVERSION = YES;
				CLANG_WARN_DIRECT_OBJC_ISA_USAGE = YES_ERROR;
				CLANG_WARN_DOCUMENTATION_COMMENTS = YES;
				CLANG_WARN_EMPTY_BODY = YES;
				CLANG_WARN_ENUM_CONVERSION = YES;
				CLANG_WARN_INFINITE_RECURSION = YES;
				CLANG_WARN_INT_CONVERSION = YES;
				CLANG_WARN_OBJC_ROOT_CLASS = YES_ERROR;
				CLANG_WARN_SUSPICIOUS_MOVE = YES;
				CLANG_WARN_UNREACHABLE_CODE = YES;
				CLANG_WARN__DUPLICATE_METHOD_MATCH = YES;
				"CODE_SIGN_IDENTITY[sdk=iphoneos*]" = "iPhone Developer";
				COPY_PHASE_STRIP = NO;
				DEBUG_INFORMATION_FORMAT = "dwarf-with-dsym";
				ENABLE_NS_ASSERTIONS = NO;
				ENABLE_STRICT_OBJC_MSGSEND = YES;
				GCC_C_LANGUAGE_STANDARD = gnu99;
				GCC_NO_COMMON_BLOCKS = YES;
				GCC_WARN_64_TO_32_BIT_CONVERSION = YES;
				GCC_WARN_ABOUT_RETURN_TYPE = YES_ERROR;
				GCC_WARN_UNDECLARED_SELECTOR = YES;
				GCC_WARN_UNINITIALIZED_AUTOS = YES_AGGRESSIVE;
				GCC_WARN_UNUSED_FUNCTION = YES;
				GCC_WARN_UNUSED_VARIABLE = YES;
				IPHONEOS_DEPLOYMENT_TARGET = 10.3;
				MTL_ENABLE_DEBUG_INFO = NO;
				SDKROOT = iphoneos;
				VALIDATE_PRODUCT = YES;
			};
			name = Release;
		};
		7331453D1F5423FC00C00266 /* Debug */ = {
			isa = XCBuildConfiguration;
			baseConfigurationReference = 9FBD06A961C1429733672A44 /* Pods-CocoaAsyncSocketServerDemo.debug.xcconfig */;
			buildSettings = {
				ASSETCATALOG_COMPILER_APPICON_NAME = AppIcon;
				DEVELOPMENT_TEAM = 2Q3Z88798Z;
				INFOPLIST_FILE = CocoaAsyncSocketServerDemo/Info.plist;
				LD_RUNPATH_SEARCH_PATHS = "$(inherited) @executable_path/Frameworks";
				PRODUCT_BUNDLE_IDENTIFIER = com.myApp.CocoaAsyncSocketServerDemo;
				PRODUCT_NAME = "$(TARGET_NAME)";
				USER_HEADER_SEARCH_PATHS = "$(PODS_ROOT)";
			};
			name = Debug;
		};
		7331453E1F5423FC00C00266 /* Release */ = {
			isa = XCBuildConfiguration;
			baseConfigurationReference = A498ABB8F82D0C7135CE5E92 /* Pods-CocoaAsyncSocketServerDemo.release.xcconfig */;
			buildSettings = {
				ASSETCATALOG_COMPILER_APPICON_NAME = AppIcon;
				DEVELOPMENT_TEAM = 2Q3Z88798Z;
				INFOPLIST_FILE = CocoaAsyncSocketServerDemo/Info.plist;
				LD_RUNPATH_SEARCH_PATHS = "$(inherited) @executable_path/Frameworks";
				PRODUCT_BUNDLE_IDENTIFIER = com.myApp.CocoaAsyncSocketServerDemo;
				PRODUCT_NAME = "$(TARGET_NAME)";
				USER_HEADER_SEARCH_PATHS = "$(PODS_ROOT)";
			};
			name = Release;
		};
/* End XCBuildConfiguration section */

/* Begin XCConfigurationList section */
		733145201F5423FC00C00266 /* Build configuration list for PBXProject "CocoaAsyncSocketServerDemo" */ = {
			isa = XCConfigurationList;
			buildConfigurations = (
				7331453A1F5423FC00C00266 /* Debug */,
				7331453B1F5423FC00C00266 /* Release */,
			);
			defaultConfigurationIsVisible = 0;
			defaultConfigurationName = Release;
		};
		7331453C1F5423FC00C00266 /* Build configuration list for PBXNativeTarget "CocoaAsyncSocketServerDemo" */ = {
			isa = XCConfigurationList;
			buildConfigurations = (
				7331453D1F5423FC00C00266 /* Debug */,
				7331453E1F5423FC00C00266 /* Release */,
			);
			defaultConfigurationIsVisible = 0;
			defaultConfigurationName = Release;
		};
/* End XCConfigurationList section */
	};
	rootObject = 7331451D1F5423FC00C00266 /* Project object */;
}
