// !$*UTF8*$!
{
	archiveVersion = 1;
	classes = {
	};
	objectVersion = 46;
	objects = {

/* Begin PBXBuildFile section */
		7363B3D21E91F1B600B51B31 /* main.m in Sources */ = {isa = PBXBuildFile; fileRef = 7363B3D11E91F1B600B51B31 /* main.m */; };
		7363B3D51E91F1B600B51B31 /* AppDelegate.m in Sources */ = {isa = PBXBuildFile; fileRef = 7363B3D41E91F1B600B51B31 /* AppDelegate.m */; };
		7363B3D81E91F1B600B51B31 /* ViewController.m in Sources */ = {isa = PBXBuildFile; fileRef = 7363B3D71E91F1B600B51B31 /* ViewController.m */; };
		7363B3DB1E91F1B600B51B31 /* Main.storyboard in Resources */ = {isa = PBXBuildFile; fileRef = 7363B3D91E91F1B600B51B31 /* Main.storyboard */; };
		7363B3DD1E91F1B600B51B31 /* Assets.xcassets in Resources */ = {isa = PBXBuildFile; fileRef = 7363B3DC1E91F1B600B51B31 /* Assets.xcassets */; };
		7363B3E01E91F1B600B51B31 /* LaunchScreen.storyboard in Resources */ = {isa = PBXBuildFile; fileRef = 7363B3DE1E91F1B600B51B31 /* LaunchScreen.storyboard */; };
		7363B3E91E91F21500B51B31 /* CustomLabel.m in Sources */ = {isa = PBXBuildFile; fileRef = 7363B3E81E91F21500B51B31 /* CustomLabel.m */; };
/* End PBXBuildFile section */

/* Begin PBXFileReference section */
		7363B3CD1E91F1B600B51B31 /* 一个具有内边距的Label.app */ = {isa = PBXFileReference; explicitFileType = wrapper.application; includeInIndex = 0; path = "一个具有内边距的Label.app"; sourceTree = BUILT_PRODUCTS_DIR; };
		7363B3D11E91F1B600B51B31 /* main.m */ = {isa = PBXFileReference; lastKnownFileType = sourcecode.c.objc; path = main.m; sourceTree = "<group>"; };
		7363B3D31E91F1B600B51B31 /* AppDelegate.h */ = {isa = PBXFileReference; lastKnownFileType = sourcecode.c.h; path = AppDelegate.h; sourceTree = "<group>"; };
		7363B3D41E91F1B600B51B31 /* AppDelegate.m */ = {isa = PBXFileReference; lastKnownFileType = sourcecode.c.objc; path = AppDelegate.m; sourceTree = "<group>"; };
		7363B3D61E91F1B600B51B31 /* ViewController.h */ = {isa = PBXFileReference; lastKnownFileType = sourcecode.c.h; path = ViewController.h; sourceTree = "<group>"; };
		7363B3D71E91F1B600B51B31 /* ViewController.m */ = {isa = PBXFileReference; lastKnownFileType = sourcecode.c.objc; path = ViewController.m; sourceTree = "<group>"; };
		7363B3DA1E91F1B600B51B31 /* Base */ = {isa = PBXFileReference; lastKnownFileType = file.storyboard; name = Base; path = Base.lproj/Main.storyboard; sourceTree = "<group>"; };
		7363B3DC1E91F1B600B51B31 /* Assets.xcassets */ = {isa = PBXFileReference; lastKnownFileType = folder.assetcatalog; path = Assets.xcassets; sourceTree = "<group>"; };
		7363B3DF1E91F1B600B51B31 /* Base */ = {isa = PBXFileReference; lastKnownFileType = file.storyboard; name = Base; path = Base.lproj/LaunchScreen.storyboard; sourceTree = "<group>"; };
		7363B3E11E91F1B600B51B31 /* Info.plist */ = {isa = PBXFileReference; lastKnownFileType = text.plist.xml; path = Info.plist; sourceTree = "<group>"; };
		7363B3E71E91F21500B51B31 /* CustomLabel.h */ = {isa = PBXFileReference; fileEncoding = 4; lastKnownFileType = sourcecode.c.h; path = CustomLabel.h; sourceTree = "<group>"; };
		7363B3E81E91F21500B51B31 /* CustomLabel.m */ = {isa = PBXFileReference; fileEncoding = 4; lastKnownFileType = sourcecode.c.objc; path = CustomLabel.m; sourceTree = "<group>"; };
/* End PBXFileReference section */

/* Begin PBXFrameworksBuildPhase section */
		7363B3CA1E91F1B600B51B31 /* Frameworks */ = {
			isa = PBXFrameworksBuildPhase;
			buildActionMask = 2147483647;
			files = (
			);
			runOnlyForDeploymentPostprocessing = 0;
		};
/* End PBXFrameworksBuildPhase section */

/* Begin PBXGroup section */
		7363B3C41E91F1B600B51B31 = {
			isa = PBXGroup;
			children = (
				7363B3CF1E91F1B600B51B31 /* 一个具有内边距的Label */,
				7363B3CE1E91F1B600B51B31 /* Products */,
			);
			sourceTree = "<group>";
		};
		7363B3CE1E91F1B600B51B31 /* Products */ = {
			isa = PBXGroup;
			children = (
				7363B3CD1E91F1B600B51B31 /* 一个具有内边距的Label.app */,
			);
			name = Products;
			sourceTree = "<group>";
		};
		7363B3CF1E91F1B600B51B31 /* 一个具有内边距的Label */ = {
			isa = PBXGroup;
			children = (
				7363B3D31E91F1B600B51B31 /* AppDelegate.h */,
				7363B3D41E91F1B600B51B31 /* AppDelegate.m */,
				7363B3D61E91F1B600B51B31 /* ViewController.h */,
				7363B3D71E91F1B600B51B31 /* ViewController.m */,
				7363B3E71E91F21500B51B31 /* CustomLabel.h */,
				7363B3E81E91F21500B51B31 /* CustomLabel.m */,
				7363B3D91E91F1B600B51B31 /* Main.storyboard */,
				7363B3DC1E91F1B600B51B31 /* Assets.xcassets */,
				7363B3DE1E91F1B600B51B31 /* LaunchScreen.storyboard */,
				7363B3E11E91F1B600B51B31 /* Info.plist */,
				7363B3D01E91F1B600B51B31 /* Supporting Files */,
			);
			path = "一个具有内边距的Label";
			sourceTree = "<group>";
		};
		7363B3D01E91F1B600B51B31 /* Supporting Files */ = {
			isa = PBXGroup;
			children = (
				7363B3D11E91F1B600B51B31 /* main.m */,
			);
			name = "Supporting Files";
			sourceTree = "<group>";
		};
/* End PBXGroup section */

/* Begin PBXNativeTarget section */
		7363B3CC1E91F1B600B51B31 /* 一个具有内边距的Label */ = {
			isa = PBXNativeTarget;
			buildConfigurationList = 7363B3E41E91F1B600B51B31 /* Build configuration list for PBXNativeTarget "一个具有内边距的Label" */;
			buildPhases = (
				7363B3C91E91F1B600B51B31 /* Sources */,
				7363B3CA1E91F1B600B51B31 /* Frameworks */,
				7363B3CB1E91F1B600B51B31 /* Resources */,
			);
			buildRules = (
			);
			dependencies = (
			);
			name = "一个具有内边距的Label";
			productName = "一个具有内边距的Label";
			productReference = 7363B3CD1E91F1B600B51B31 /* 一个具有内边距的Label.app */;
			productType = "com.apple.product-type.application";
		};
/* End PBXNativeTarget section */

/* Begin PBXProject section */
		7363B3C51E91F1B600B51B31 /* Project object */ = {
			isa = PBXProject;
			attributes = {
				LastUpgradeCheck = 0820;
				ORGANIZATIONNAME = zsk;
				TargetAttributes = {
					7363B3CC1E91F1B600B51B31 = {
						CreatedOnToolsVersion = 8.2.1;
						ProvisioningStyle = Automatic;
					};
				};
			};
			buildConfigurationList = 7363B3C81E91F1B600B51B31 /* Build configuration list for PBXProject "一个具有内边距的Label" */;
			compatibilityVersion = "Xcode 3.2";
			developmentRegion = English;
			hasScannedForEncodings = 0;
			knownRegions = (
				en,
				Base,
			);
			mainGroup = 7363B3C41E91F1B600B51B31;
			productRefGroup = 7363B3CE1E91F1B600B51B31 /* Products */;
			projectDirPath = "";
			projectRoot = "";
			targets = (
				7363B3CC1E91F1B600B51B31 /* 一个具有内边距的Label */,
			);
		};
/* End PBXProject section */

/* Begin PBXResourcesBuildPhase section */
		7363B3CB1E91F1B600B51B31 /* Resources */ = {
			isa = PBXResourcesBuildPhase;
			buildActionMask = 2147483647;
			files = (
				7363B3E01E91F1B600B51B31 /* LaunchScreen.storyboard in Resources */,
				7363B3DD1E91F1B600B51B31 /* Assets.xcassets in Resources */,
				7363B3DB1E91F1B600B51B31 /* Main.storyboard in Resources */,
			);
			runOnlyForDeploymentPostprocessing = 0;
		};
/* End PBXResourcesBuildPhase section */

/* Begin PBXSourcesBuildPhase section */
		7363B3C91E91F1B600B51B31 /* Sources */ = {
			isa = PBXSourcesBuildPhase;
			buildActionMask = 2147483647;
			files = (
				7363B3D81E91F1B600B51B31 /* ViewController.m in Sources */,
				7363B3D51E91F1B600B51B31 /* AppDelegate.m in Sources */,
				7363B3D21E91F1B600B51B31 /* main.m in Sources */,
				7363B3E91E91F21500B51B31 /* CustomLabel.m in Sources */,
			);
			runOnlyForDeploymentPostprocessing = 0;
		};
/* End PBXSourcesBuildPhase section */

/* Begin PBXVariantGroup section */
		7363B3D91E91F1B600B51B31 /* Main.storyboard */ = {
			isa = PBXVariantGroup;
			children = (
				7363B3DA1E91F1B600B51B31 /* Base */,
			);
			name = Main.storyboard;
			sourceTree = "<group>";
		};
		7363B3DE1E91F1B600B51B31 /* LaunchScreen.storyboard */ = {
			isa = PBXVariantGroup;
			children = (
				7363B3DF1E91F1B600B51B31 /* Base */,
			);
			name = LaunchScreen.storyboard;
			sourceTree = "<group>";
		};
/* End PBXVariantGroup section */

/* Begin XCBuildConfiguration section */
		7363B3E21E91F1B600B51B31 /* Debug */ = {
			isa = XCBuildConfiguration;
			buildSettings = {
				ALWAYS_SEARCH_USER_PATHS = NO;
				CLANG_ANALYZER_NONNULL = YES;
				CLANG_CXX_LANGUAGE_STANDARD = "gnu++0x";
				CLANG_CXX_LIBRARY = "libc++";
				CLANG_ENABLE_MODULES = YES;
				CLANG_ENABLE_OBJC_ARC = YES;
				CLANG_WARN_BOOL_CONVERSION = YES;
				CLANG_WARN_CONSTANT_CONVERSION = YES;
				CLANG_WARN_DIRECT_OBJC_ISA_USAGE = YES_ERROR;
				CLANG_WARN_DOCUMENTATION_COMMENTS = YES;
				CLANG_WARN_EMPTY_BODY = YES;
				CLANG_WARN_ENUM_CONVERSION = YES;
				CLANG_WARN_INFINITE_RECURSION = YES;
				CLANG_WARN_INT_CONVERSION = YES;
				CLANG_WARN_OBJC_ROOT_CLASS = YES_ERROR;
				CLANG_WARN_SUSPICIOUS_MOVE = YES;
				CLANG_WARN_UNREACHABLE_CODE = YES;
				CLANG_WARN__DUPLICATE_METHOD_MATCH = YES;
				"CODE_SIGN_IDENTITY[sdk=iphoneos*]" = "iPhone Developer";
				COPY_PHASE_STRIP = NO;
				DEBUG_INFORMATION_FORMAT = dwarf;
				ENABLE_STRICT_OBJC_MSGSEND = YES;
				ENABLE_TESTABILITY = YES;
				GCC_C_LANGUAGE_STANDARD = gnu99;
				GCC_DYNAMIC_NO_PIC = NO;
				GCC_NO_COMMON_BLOCKS = YES;
				GCC_OPTIMIZATION_LEVEL = 0;
				GCC_PREPROCESSOR_DEFINITIONS = (
					"DEBUG=1",
					"$(inherited)",
				);
				GCC_WARN_64_TO_32_BIT_CONVERSION = YES;
				GCC_WARN_ABOUT_RETURN_TYPE = YES_ERROR;
				GCC_WARN_UNDECLARED_SELECTOR = YES;
				GCC_WARN_UNINITIALIZED_AUTOS = YES_AGGRESSIVE;
				GCC_WARN_UNUSED_FUNCTION = YES;
				GCC_WARN_UNUSED_VARIABLE = YES;
				IPHONEOS_DEPLOYMENT_TARGET = 10.2;
				MTL_ENABLE_DEBUG_INFO = YES;
				ONLY_ACTIVE_ARCH = YES;
				SDKROOT = iphoneos;
			};
			name = Debug;
		};
		7363B3E31E91F1B600B51B31 /* Release */ = {
			isa = XCBuildConfiguration;
			buildSettings = {
				ALWAYS_SEARCH_USER_PATHS = NO;
				CLANG_ANALYZER_NONNULL = YES;
				CLANG_CXX_LANGUAGE_STANDARD = "gnu++0x";
				CLANG_CXX_LIBRARY = "libc++";
				CLANG_ENABLE_MODULES = YES;
				CLANG_ENABLE_OBJC_ARC = YES;
				CLANG_WARN_BOOL_CONVERSION = YES;
				CLANG_WARN_CONSTANT_CONVERSION = YES;
				CLANG_WARN_DIRECT_OBJC_ISA_USAGE = YES_ERROR;
				CLANG_WARN_DOCUMENTATION_COMMENTS = YES;
				CLANG_WARN_EMPTY_BODY = YES;
				CLANG_WARN_ENUM_CONVERSION = YES;
				CLANG_WARN_INFINITE_RECURSION = YES;
				CLANG_WARN_INT_CONVERSION = YES;
				CLANG_WARN_OBJC_ROOT_CLASS = YES_ERROR;
				CLANG_WARN_SUSPICIOUS_MOVE = YES;
				CLANG_WARN_UNREACHABLE_CODE = YES;
				CLANG_WARN__DUPLICATE_METHOD_MATCH = YES;
				"CODE_SIGN_IDENTITY[sdk=iphoneos*]" = "iPhone Developer";
				COPY_PHASE_STRIP = NO;
				DEBUG_INFORMATION_FORMAT = "dwarf-with-dsym";
				ENABLE_NS_ASSERTIONS = NO;
				ENABLE_STRICT_OBJC_MSGSEND = YES;
				GCC_C_LANGUAGE_STANDARD = gnu99;
				GCC_NO_COMMON_BLOCKS = YES;
				GCC_WARN_64_TO_32_BIT_CONVERSION = YES;
				GCC_WARN_ABOUT_RETURN_TYPE = YES_ERROR;
				GCC_WARN_UNDECLARED_SELECTOR = YES;
				GCC_WARN_UNINITIALIZED_AUTOS = YES_AGGRESSIVE;
				GCC_WARN_UNUSED_FUNCTION = YES;
				GCC_WARN_UNUSED_VARIABLE = YES;
				IPHONEOS_DEPLOYMENT_TARGET = 10.2;
				MTL_ENABLE_DEBUG_INFO = NO;
				SDKROOT = iphoneos;
				VALIDATE_PRODUCT = YES;
			};
			name = Release;
		};
		7363B3E51E91F1B600B51B31 /* Debug */ = {
			isa = XCBuildConfiguration;
			buildSettings = {
				ASSETCATALOG_COMPILER_APPICON_NAME = AppIcon;
				INFOPLIST_FILE = "一个具有内边距的Label/Info.plist";
				LD_RUNPATH_SEARCH_PATHS = "$(inherited) @executable_path/Frameworks";
				PRODUCT_BUNDLE_IDENTIFIER = "com.myApp.--------Label";
				PRODUCT_NAME = "$(TARGET_NAME)";
			};
			name = Debug;
		};
		7363B3E61E91F1B600B51B31 /* Release */ = {
			isa = XCBuildConfiguration;
			buildSettings = {
				ASSETCATALOG_COMPILER_APPICON_NAME = AppIcon;
				INFOPLIST_FILE = "一个具有内边距的Label/Info.plist";
				LD_RUNPATH_SEARCH_PATHS = "$(inherited) @executable_path/Frameworks";
				PRODUCT_BUNDLE_IDENTIFIER = "com.myApp.--------Label";
				PRODUCT_NAME = "$(TARGET_NAME)";
			};
			name = Release;
		};
/* End XCBuildConfiguration section */

/* Begin XCConfigurationList section */
		7363B3C81E91F1B600B51B31 /* Build configuration list for PBXProject "一个具有内边距的Label" */ = {
			isa = XCConfigurationList;
			buildConfigurations = (
				7363B3E21E91F1B600B51B31 /* Debug */,
				7363B3E31E91F1B600B51B31 /* Release */,
			);
			defaultConfigurationIsVisible = 0;
			defaultConfigurationName = Release;
		};
		7363B3E41E91F1B600B51B31 /* Build configuration list for PBXNativeTarget "一个具有内边距的Label" */ = {
			isa = XCConfigurationList;
			buildConfigurations = (
				7363B3E51E91F1B600B51B31 /* Debug */,
				7363B3E61E91F1B600B51B31 /* Release */,
			);
			defaultConfigurationIsVisible = 0;
		};
/* End XCConfigurationList section */
	};
	rootObject = 7363B3C51E91F1B600B51B31 /* Project object */;
}
